
Microsoft Visual Studio Solution File, Format Version 12.00
# Visual Studio 15
VisualStudioVersion = 15.0.26124.0
MinimumVisualStudioVersion = 15.0.26124.0
Project("{FAE04EC0-301F-11D3-BF4B-00C04F79EFBC}") = "PaymentContext.Domain", "PaymentContext.Domain\PaymentContext.Domain.csproj", "{8B7EC5A7-3F82-404C-AABC-CA3C7F5F6453}"
EndProject
Project("{FAE04EC0-301F-11D3-BF4B-00C04F79EFBC}") = "PaymentContext.Shared", "PaymentContext.Shared\PaymentContext.Shared.csproj", "{B61A93EB-4203-4BA3-A132-FFEE04BCC765}"
EndProject
Project("{FAE04EC0-301F-11D3-BF4B-00C04F79EFBC}") = "PaymentContext.Tests", "PaymentContext.Tests\PaymentContext.Tests.csproj", "{D8DEDF53-8CD1-493C-8D4C-5469BD6BE272}"
EndProject
Global
	GlobalSection(SolutionConfigurationPlatforms) = preSolution
		Debug|Any CPU = Debug|Any CPU
		Debug|x64 = Debug|x64
		Debug|x86 = Debug|x86
		Release|Any CPU = Release|Any CPU
		Release|x64 = Release|x64
		Release|x86 = Release|x86
	EndGlobalSection
	GlobalSection(SolutionProperties) = preSolution
		HideSolutionNode = FALSE
	EndGlobalSection
	GlobalSection(ProjectConfigurationPlatforms) = postSolution
		{8B7EC5A7-3F82-404C-AABC-CA3C7F5F6453}.Debug|Any CPU.ActiveCfg = Debug|Any CPU
		{8B7EC5A7-3F82-404C-AABC-CA3C7F5F6453}.Debug|Any CPU.Build.0 = Debug|Any CPU
		{8B7EC5A7-3F82-404C-AABC-CA3C7F5F6453}.Debug|x64.ActiveCfg = Debug|Any CPU
		{8B7EC5A7-3F82-404C-AABC-CA3C7F5F6453}.Debug|x64.Build.0 = Debug|Any CPU
		{8B7EC5A7-3F82-404C-AABC-CA3C7F5F6453}.Debug|x86.ActiveCfg = Debug|Any CPU
		{8B7EC5A7-3F82-404C-AABC-CA3C7F5F6453}.Debug|x86.Build.0 = Debug|Any CPU
		{8B7EC5A7-3F82-404C-AABC-CA3C7F5F6453}.Release|Any CPU.ActiveCfg = Release|Any CPU
		{8B7EC5A7-3F82-404C-AABC-CA3C7F5F6453}.Release|Any CPU.Build.0 = Release|Any CPU
		{8B7EC5A7-3F82-404C-AABC-CA3C7F5F6453}.Release|x64.ActiveCfg = Release|Any CPU
		{8B7EC5A7-3F82-404C-AABC-CA3C7F5F6453}.Release|x64.Build.0 = Release|Any CPU
		{8B7EC5A7-3F82-404C-AABC-CA3C7F5F6453}.Release|x86.ActiveCfg = Release|Any CPU
		{8B7EC5A7-3F82-404C-AABC-CA3C7F5F6453}.Release|x86.Build.0 = Release|Any CPU
		{B61A93EB-4203-4BA3-A132-FFEE04BCC765}.Debug|Any CPU.ActiveCfg = Debug|Any CPU
		{B61A93EB-4203-4BA3-A132-FFEE04BCC765}.Debug|Any CPU.Build.0 = Debug|Any CPU
		{B61A93EB-4203-4BA3-A132-FFEE04BCC765}.Debug|x64.ActiveCfg = Debug|Any CPU
		{B61A93EB-4203-4BA3-A132-FFEE04BCC765}.Debug|x64.Build.0 = Debug|Any CPU
		{B61A93EB-4203-4BA3-A132-FFEE04BCC765}.Debug|x86.ActiveCfg = Debug|Any CPU
		{B61A93EB-4203-4BA3-A132-FFEE04BCC765}.Debug|x86.Build.0 = Debug|Any CPU
		{B61A93EB-4203-4BA3-A132-FFEE04BCC765}.Release|Any CPU.ActiveCfg = Release|Any CPU
		{B61A93EB-4203-4BA3-A132-FFEE04BCC765}.Release|Any CPU.Build.0 = Release|Any CPU
		{B61A93EB-4203-4BA3-A132-FFEE04BCC765}.Release|x64.ActiveCfg = Release|Any CPU
		{B61A93EB-4203-4BA3-A132-FFEE04BCC765}.Release|x64.Build.0 = Release|Any CPU
		{B61A93EB-4203-4BA3-A132-FFEE04BCC765}.Release|x86.ActiveCfg = Release|Any CPU
		{B61A93EB-4203-4BA3-A132-FFEE04BCC765}.Release|x86.Build.0 = Release|Any CPU
		{D8DEDF53-8CD1-493C-8D4C-5469BD6BE272}.Debug|Any CPU.ActiveCfg = Debug|Any CPU
		{D8DEDF53-8CD1-493C-8D4C-5469BD6BE272}.Debug|Any CPU.Build.0 = Debug|Any CPU
		{D8DEDF53-8CD1-493C-8D4C-5469BD6BE272}.Debug|x64.ActiveCfg = Debug|Any CPU
		{D8DEDF53-8CD1-493C-8D4C-5469BD6BE272}.Debug|x64.Build.0 = Debug|Any CPU
		{D8DEDF53-8CD1-493C-8D4C-5469BD6BE272}.Debug|x86.ActiveCfg = Debug|Any CPU
		{D8DEDF53-8CD1-493C-8D4C-5469BD6BE272}.Debug|x86.Build.0 = Debug|Any CPU
		{D8DEDF53-8CD1-493C-8D4C-5469BD6BE272}.Release|Any CPU.ActiveCfg = Release|Any CPU
		{D8DEDF53-8CD1-493C-8D4C-5469BD6BE272}.Release|Any CPU.Build.0 = Release|Any CPU
		{D8DEDF53-8CD1-493C-8D4C-5469BD6BE272}.Release|x64.ActiveCfg = Release|Any CPU
		{D8DEDF53-8CD1-493C-8D4C-5469BD6BE272}.Release|x64.Build.0 = Release|Any CPU
		{D8DEDF53-8CD1-493C-8D4C-5469BD6BE272}.Release|x86.ActiveCfg = Release|Any CPU
		{D8DEDF53-8CD1-493C-8D4C-5469BD6BE272}.Release|x86.Build.0 = Release|Any CPU
	EndGlobalSection
EndGlobal
